{
    "_meta": {
        "hash": {
            "sha256": "48d0e4522288435e686680e5b82cdc300704cb60de5c63157138c1b140c0bad2"
        },
        "pipfile-spec": 6,
        "requires": {
            "python_version": "3.8"
        },
        "sources": [
            {
                "name": "pypi",
                "url": "https://pypi.org/simple",
                "verify_ssl": true
            }
        ]
    },
    "default": {
        "future": {
            "hashes": [
                "sha256:b1bead90b70cf6ec3f0710ae53a525360fa360d306a86583adc6bf83a4db537d"
            ],
            "version": "==0.18.2"
        },
        "pycef": {
            "hashes": [
                "sha256:b61f0da31b3c8c020faeca38522df999f5cfea6fbca443e3860737658c587a49",
                "sha256:d2819112a818cd45135cde5234a30d36dca2e93a83777f6160ea33a476f56d9b"
            ],
            "index": "pypi",
            "version": "==1.10"
        }
    },
    "develop": {}
}
